{
  "lockfile_version": "1",
  "packages": {
    "awscli2@latest": {
      "last_modified": "2026-08-27T07:16:00Z",
      "resolved": "github:NixOS/nixpkgs/c27cdad491a991b11ed731760aa2ef8db0cb0410#awscli2",
      "source": "devbox-search",
      "version": "2.35.11",
      "systems": {
        "aarch64-darwin": {
          "outputs": [
            {
              "name": "out",
              "path": "/nix/store/c7spfvdqx0pncpna86a0mr4gbijypafj-awscli2-2.35.11",
              "default": true
            },
            {
              "name": "dist",
              "path": "/nix/store/0fpbgg1lbnbvp86frya5gflxmw8llcgl-awscli2-2.35.11-dist"
            }
          ],
          "store_path": "/nix/store/c7spfvdqx0pncpna86a0mr4gbijypafj-awscli2-2.35.11"
        },
        "aarch64-linux": {
          "outputs": [
            {
              "name": "out",
              "path": "/nix/store/p2wk9123jdj2r54hs4ww98xz4977i45k-awscli2-2.35.11",
              "default": true
            },
            {
              "name": "dist",
              "path": "/nix/store/k8hsh6lx774578fxq37prw6vh984srpa-awscli2-2.35.11-dist"
            }
          ],
          "store_path": "/nix/store/p2wk9123jdj2r54hs4ww98xz4977i45k-awscli2-2.35.11"
        },
        "x86_64-linux": {
          "outputs": [
            {
              "name": "out",
              "path": "/nix/store/f7cmpy9nszykh5gfjpxh5ks3pa78nssr-awscli2-2.35.11",
              "default": true
            },
            {
              "name": "dist",
              "path": "/nix/store/nbppn3jrc8h7gp9yc4w7vs7l7d0r3lx1-awscli2-2.35.11-dist"
            }
          ],
          "store_path": "/nix/store/f7cmpy9nszykh5gfjpxh5ks3pa78nssr-awscli2-2.35.11"
        }
      }
    },
    "direnv@latest": {
      "last_modified": "2026-08-27T07:16:00Z",
      "resolved": "github:NixOS/nixpkgs/c27cdad491a991b11ed731760aa2ef8db0cb0410#direnv",
      "source": "devbox-search",
      "version": "2.37.1",
      "systems": {
        "aarch64-darwin": {
          "outputs": [
            {
              "name": "out",
              "path": "/nix/store/vza32jnhy8yrsq2dx4ikzggl0lqii0la-direnv-2.37.1",
              "default": true
            }
          ],
          "store_path": "/nix/store/vza32jnhy8yrsq2dx4ikzggl0lqii0la-direnv-2.37.1"
        },
        "aarch64-linux": {
          "outputs": [
            {
              "name": "out",
              "path": "/nix/store/3z5cx6m5mgwhimsmyl6d7b0pclb6m241-direnv-2.37.1",
              "default": true
            }
          ],
          "store_path": "/nix/store/3z5cx6m5mgwhimsmyl6d7b0pclb6m241-direnv-2.37.1"
        },
        "x86_64-darwin": {
          "outputs": [
            {
              "name": "out",
              "path": "/nix/store/n51h3cj4vyslkbraxaypsxiya8gjv4wd-direnv-2.37.1",
              "default": true
            }
          ],
          "store_path": "/nix/store/n51h3cj4vyslkbraxaypsxiya8gjv4wd-direnv-2.37.1"
        },
        "x86_64-linux": {
          "outputs": [
            {
              "name": "out",
              "path": "/nix/store/qjykx14jbm8300y4fczmpp5j143gq08v-direnv-2.37.1",
              "default": true
            }
          ],
          "store_path": "/nix/store/qjykx14jbm8300y4fczmpp5j143gq08v-direnv-2.37.1"
        }
      }
    },
    "github:NixOS/nixpkgs/nixpkgs-unstable": {
      "last_modified": "2026-09-03T10:26:31Z",
      "resolved": "github:NixOS/nixpkgs/9b9402b959a2276982ddd5ad3652a38b97f7c40b?lastModified=1788431191&narHash=sha256-MFClkboDeW56feBCAeAV3Z3J2quGSZFlAOXQ4JjIlIA%3D"
    }
  }
}
